
Microsoft Visual Studio Solution File, Format Version 12.00
# Visual Studio 15
VisualStudioVersion = 15.0.26124.0
MinimumVisualStudioVersion = 15.0.26124.0
Project("{FAE04EC0-301F-11D3-BF4B-00C04F79EFBC}") = "ConsoleApp.Jecaestevez", "ConsoleApp\ConsoleApp.Jecaestevez.csproj", "{0870B1D2-5998-4325-95E5-A68A457F38C2}"
EndProject
Project("{FAE04EC0-301F-11D3-BF4B-00C04F79EFBC}") = "DAL.JecaestevezApp", "DAL\DAL.JecaestevezApp.csproj", "{72D36971-F8F1-46D0-8554-07911E024ED9}"
EndProject
Global
	GlobalSection(SolutionConfigurationPlatforms) = preSolution
		Debug|Any CPU = Debug|Any CPU
		Debug|x64 = Debug|x64
		Debug|x86 = Debug|x86
		Release|Any CPU = Release|Any CPU
		Release|x64 = Release|x64
		Release|x86 = Release|x86
	EndGlobalSection
	GlobalSection(SolutionProperties) = preSolution
		HideSolutionNode = FALSE
	EndGlobalSection
	GlobalSection(ProjectConfigurationPlatforms) = postSolution
		{0870B1D2-5998-4325-95E5-A68A457F38C2}.Debug|Any CPU.ActiveCfg = Debug|Any CPU
		{0870B1D2-5998-4325-95E5-A68A457F38C2}.Debug|Any CPU.Build.0 = Debug|Any CPU
		{0870B1D2-5998-4325-95E5-A68A457F38C2}.Debug|x64.ActiveCfg = Debug|Any CPU
		{0870B1D2-5998-4325-95E5-A68A457F38C2}.Debug|x64.Build.0 = Debug|Any CPU
		{0870B1D2-5998-4325-95E5-A68A457F38C2}.Debug|x86.ActiveCfg = Debug|Any CPU
		{0870B1D2-5998-4325-95E5-A68A457F38C2}.Debug|x86.Build.0 = Debug|Any CPU
		{0870B1D2-5998-4325-95E5-A68A457F38C2}.Release|Any CPU.ActiveCfg = Release|Any CPU
		{0870B1D2-5998-4325-95E5-A68A457F38C2}.Release|Any CPU.Build.0 = Release|Any CPU
		{0870B1D2-5998-4325-95E5-A68A457F38C2}.Release|x64.ActiveCfg = Release|Any CPU
		{0870B1D2-5998-4325-95E5-A68A457F38C2}.Release|x64.Build.0 = Release|Any CPU
		{0870B1D2-5998-4325-95E5-A68A457F38C2}.Release|x86.ActiveCfg = Release|Any CPU
		{0870B1D2-5998-4325-95E5-A68A457F38C2}.Release|x86.Build.0 = Release|Any CPU
		{72D36971-F8F1-46D0-8554-07911E024ED9}.Debug|Any CPU.ActiveCfg = Debug|Any CPU
		{72D36971-F8F1-46D0-8554-07911E024ED9}.Debug|Any CPU.Build.0 = Debug|Any CPU
		{72D36971-F8F1-46D0-8554-07911E024ED9}.Debug|x64.ActiveCfg = Debug|Any CPU
		{72D36971-F8F1-46D0-8554-07911E024ED9}.Debug|x64.Build.0 = Debug|Any CPU
		{72D36971-F8F1-46D0-8554-07911E024ED9}.Debug|x86.ActiveCfg = Debug|Any CPU
		{72D36971-F8F1-46D0-8554-07911E024ED9}.Debug|x86.Build.0 = Debug|Any CPU
		{72D36971-F8F1-46D0-8554-07911E024ED9}.Release|Any CPU.ActiveCfg = Release|Any CPU
		{72D36971-F8F1-46D0-8554-07911E024ED9}.Release|Any CPU.Build.0 = Release|Any CPU
		{72D36971-F8F1-46D0-8554-07911E024ED9}.Release|x64.ActiveCfg = Release|Any CPU
		{72D36971-F8F1-46D0-8554-07911E024ED9}.Release|x64.Build.0 = Release|Any CPU
		{72D36971-F8F1-46D0-8554-07911E024ED9}.Release|x86.ActiveCfg = Release|Any CPU
		{72D36971-F8F1-46D0-8554-07911E024ED9}.Release|x86.Build.0 = Release|Any CPU
	EndGlobalSection
EndGlobal
